{
  "name": "el-pequeno-botanico",
  "version": "1.0.0",
  "lockfileVersion": 2,
  "requires": true,
  "packages": {
    "": {
      "name": "el-pequeno-botanico",
      "version": "1.0.0",
      "license": "ISC",
      "dependencies": {
        "@sweetalert2/themes": "^5.0.11",
        "bootstrap": "^5.2.0"
      }
    },
    "node_modules/@popperjs/core": {
      "version": "2.11.5",
      "resolved": "https://registry.npmjs.org/@popperjs/core/-/core-2.11.5.tgz",
      "integrity": "sha512-9X2obfABZuDVLCgPK9aX0a/x4jaOEweTTWE2+9sr0Qqqevj2Uv5XorvusThmc9XGYpS9yI+fhh8RTafBtGposw==",
      "peer": true,
      "funding": {
        "type": "opencollective",
        "url": "https://opencollective.com/popperjs"
      }
    },
    "node_modules/@sweetalert2/themes": {
      "version": "5.0.11",
      "resolved": "https://registry.npmjs.org/@sweetalert2/themes/-/themes-5.0.11.tgz",
      "integrity": "sha512-2i7YpRNMjTCRzHQJwUhvhRNqctcrTGejpAKnycPL1nsRrhdDMxNDIleMkac8FA/tEq9riR1174qzd8HtLmzzVA==",
      "peerDependencies": {
        "sweetalert2": "^11.0.0"
      }
    },
    "node_modules/bootstrap": {
      "version": "5.2.0",
      "resolved": "https://registry.npmjs.org/bootstrap/-/bootstrap-5.2.0.tgz",
      "integrity": "sha512-qlnS9GL6YZE6Wnef46GxGv1UpGGzAwO0aPL1yOjzDIJpeApeMvqV24iL+pjr2kU4dduoBA9fINKWKgMToobx9A==",
      "funding": [
        {
          "type": "github",
          "url": "https://github.com/sponsors/twbs"
        },
        {
          "type": "opencollective",
          "url": "https://opencollective.com/bootstrap"
        }
      ],
      "peerDependencies": {
        "@popperjs/core": "^2.11.5"
      }
    },
    "node_modules/sweetalert2": {
      "version": "11.4.24",
      "resolved": "https://registry.npmjs.org/sweetalert2/-/sweetalert2-11.4.24.tgz",
      "integrity": "sha512-wbD3SbaOhWyebVfnrY9rMjjVf7ZKUHjmn5Ch83NWUg84b/SYn0N4F0Dhxq3QYSAbnAQ7ArovQb2JfxZi5+Ieug==",
      "peer": true,
      "funding": {
        "type": "individual",
        "url": "https://sweetalert2.github.io/#donations"
      }
    }
  },
  "dependencies": {
    "@popperjs/core": {
      "version": "2.11.5",
      "resolved": "https://registry.npmjs.org/@popperjs/core/-/core-2.11.5.tgz",
      "integrity": "sha512-9X2obfABZuDVLCgPK9aX0a/x4jaOEweTTWE2+9sr0Qqqevj2Uv5XorvusThmc9XGYpS9yI+fhh8RTafBtGposw==",
      "peer": true
    },
    "@sweetalert2/themes": {
      "version": "5.0.11",
      "resolved": "https://registry.npmjs.org/@sweetalert2/themes/-/themes-5.0.11.tgz",
      "integrity": "sha512-2i7YpRNMjTCRzHQJwUhvhRNqctcrTGejpAKnycPL1nsRrhdDMxNDIleMkac8FA/tEq9riR1174qzd8HtLmzzVA==",
      "requires": {}
    },
    "bootstrap": {
      "version": "5.2.0",
      "resolved": "https://registry.npmjs.org/bootstrap/-/bootstrap-5.2.0.tgz",
      "integrity": "sha512-qlnS9GL6YZE6Wnef46GxGv1UpGGzAwO0aPL1yOjzDIJpeApeMvqV24iL+pjr2kU4dduoBA9fINKWKgMToobx9A==",
      "requires": {}
    },
    "sweetalert2": {
      "version": "11.4.24",
      "resolved": "https://registry.npmjs.org/sweetalert2/-/sweetalert2-11.4.24.tgz",
      "integrity": "sha512-wbD3SbaOhWyebVfnrY9rMjjVf7ZKUHjmn5Ch83NWUg84b/SYn0N4F0Dhxq3QYSAbnAQ7ArovQb2JfxZi5+Ieug==",
      "peer": true
    }
  }
}
